lockfileVersion: '9.0'

settings:
  autoInstallPeers: true
  excludeLinksFromLockfile: false

importers:

  .:
    dependencies:
      phaser:
        specifier: ^3.90.0
        version: 3.90.0
    devDependencies:
      '@playwright/test':
        specifier: ^1.55.0
        version: 1.62.1
      '@types/node':
        specifier: ^22.10.0
        version: 22.20.1
      '@vitejs/plugin-basic-ssl':
        specifier: ^2.0.0
        version: 2.3.0(vite@6.4.3(@types/node@22.20.1))
      typescript:
        specifier: ^5.7.0
        version: 5.9.3
      vite:
        specifier: ^6.0.0
        version: 6.4.3(@types/node@22.20.1)
      vitest:
        specifier: ^2.1.0
        version: 2.1.9(@types/node@22.20.1)

packages:

  '@esbuild/aix-ppc64@0.21.5':
    resolution: {integrity: sha512-1SDgH6ZSPTlggy1yI6+Dbkiz8xzpHJEVAlF/AM1tHPLsf5STom9rwtjE4hKAF20FfXXNTFqEYXyJNWh1GiZedQ==}
    engines: {node: '>=12'}
    cpu: [ppc64]
    os: [aix]

  '@esbuild/aix-ppc64@0.25.12':
    resolution: {integrity: sha512-Hhmwd6CInZ3dwpuGTF8fJG6yoWmsToE+vYgD4nytZVxcu1ulHpUQRAB1UJ8+N1Am3Mz4+xOByoQoSZf4D+CpkA==}
    engines: {node: '>=18'}
    cpu: [ppc64]
    os: [aix]

  '@esbuild/android-arm64@0.21.5':
    resolution: {integrity: sha512-c0uX9VAUBQ7dTDCjq+wdyGLowMdtR/GoC2U5IYk/7D1H1JYC0qseD7+11iMP2mRLN9RcCMRcjC4YMclCzGwS/A==}
    engines: {node: '>=12'}
    cpu: [arm64]
    os: [android]

  '@esbuild/android-arm64@0.25.12':
    resolution: {integrity: sha512-6AAmLG7zwD1Z159jCKPvAxZd4y/VTO0VkprYy+3N2FtJ8+BQWFXU+OxARIwA46c5tdD9SsKGZ/1ocqBS/gAKHg==}
    engines: {node: '>=18'}
    cpu: [arm64]
    os: [android]

  '@esbuild/android-arm@0.21.5':
    resolution: {integrity: sha512-vCPvzSjpPHEi1siZdlvAlsPxXl7WbOVUBBAowWug4rJHb68Ox8KualB+1ocNvT5fjv6wpkX6o/iEpbDrf68zcg==}
    engines: {node: '>=12'}
    cpu: [arm]
    os: [android]

  '@esbuild/android-arm@0.25.12':
    resolution: {integrity: sha512-VJ+sKvNA/GE7Ccacc9Cha7bpS8nyzVv0jdVgwNDaR4gDMC/2TTRc33Ip8qrNYUcpkOHUT5OZ0bUcNNVZQ9RLlg==}
    engines: {node: '>=18'}
    cpu: [arm]
    os: [android]

  '@esbuild/android-x64@0.21.5':
    resolution: {integrity: sha512-D7aPRUUNHRBwHxzxRvp856rjUHRFW1SdQATKXH2hqA0kAZb1hKmi02OpYRacl0TxIGz/ZmXWlbZgjwWYaCakTA==}
    engines: {node: '>=12'}
    cpu: [x64]
    os: [android]

  '@esbuild/android-x64@0.25.12':
    resolution: {integrity: sha512-5jbb+2hhDHx5phYR2By8GTWEzn6I9UqR11Kwf22iKbNpYrsmRB18aX/9ivc5cabcUiAT/wM+YIZ6SG9QO6a8kg==}
    engines: {node: '>=18'}
    cpu: [x64]
    os: [android]

  '@esbuild/darwin-arm64@0.21.5':
    resolution: {integrity: sha512-DwqXqZyuk5AiWWf3UfLiRDJ5EDd49zg6O9wclZ7kUMv2WRFr4HKjXp/5t8JZ11QbQfUS6/cRCKGwYhtNAY88kQ==}
    engines: {node: '>=12'}
    cpu: [arm64]
    os: [darwin]

  '@esbuild/darwin-arm64@0.25.12':
    resolution: {integrity: sha512-N3zl+lxHCifgIlcMUP5016ESkeQjLj/959RxxNYIthIg+CQHInujFuXeWbWMgnTo4cp5XVHqFPmpyu9J65C1Yg==}
    engines: {node: '>=18'}
    cpu: [arm64]
    os: [darwin]

  '@esbuild/darwin-x64@0.21.5':
    resolution: {integrity: sha512-se/JjF8NlmKVG4kNIuyWMV/22ZaerB+qaSi5MdrXtd6R08kvs2qCN4C09miupktDitvh8jRFflwGFBQcxZRjbw==}
    engines: {node: '>=12'}
    cpu: [x64]
    os: [darwin]

  '@esbuild/darwin-x64@0.25.12':
    resolution: {integrity: sha512-HQ9ka4Kx21qHXwtlTUVbKJOAnmG1ipXhdWTmNXiPzPfWKpXqASVcWdnf2bnL73wgjNrFXAa3yYvBSd9pzfEIpA==}
    engines: {node: '>=18'}
    cpu: [x64]
    os: [darwin]

  '@esbuild/freebsd-arm64@0.21.5':
    resolution: {integrity: sha512-5JcRxxRDUJLX8JXp/wcBCy3pENnCgBR9bN6JsY4OmhfUtIHe3ZW0mawA7+RDAcMLrMIZaf03NlQiX9DGyB8h4g==}
    engines: {node: '>=12'}
    cpu: [arm64]
    os: [freebsd]

  '@esbuild/freebsd-arm64@0.25.12':
    resolution: {integrity: sha512-gA0Bx759+7Jve03K1S0vkOu5Lg/85dou3EseOGUes8flVOGxbhDDh/iZaoek11Y8mtyKPGF3vP8XhnkDEAmzeg==}
    engines: {node: '>=18'}
    cpu: [arm64]
    os: [freebsd]

  '@esbuild/freebsd-x64@0.21.5':
    resolution: {integrity: sha512-J95kNBj1zkbMXtHVH29bBriQygMXqoVQOQYA+ISs0/2l3T9/kj42ow2mpqerRBxDJnmkUDCaQT/dfNXWX/ZZCQ==}
    engines: {node: '>=12'}
    cpu: [x64]
    os: [freebsd]

  '@esbuild/freebsd-x64@0.25.12':
    resolution: {integrity: sha512-TGbO26Yw2xsHzxtbVFGEXBFH0FRAP7gtcPE7P5yP7wGy7cXK2oO7RyOhL5NLiqTlBh47XhmIUXuGciXEqYFfBQ==}
    engines: {node: '>=18'}
    cpu: [x64]
    os: [freebsd]

  '@esbuild/linux-arm64@0.21.5':
    resolution: {integrity: sha512-ibKvmyYzKsBeX8d8I7MH/TMfWDXBF3db4qM6sy+7re0YXya+K1cem3on9XgdT2EQGMu4hQyZhan7TeQ8XkGp4Q==}
    engines: {node: '>=12'}
    cpu: [arm64]
    os: [linux]

  '@esbuild/linux-arm64@0.25.12':
    resolution: {integrity: sha512-8bwX7a8FghIgrupcxb4aUmYDLp8pX06rGh5HqDT7bB+8Rdells6mHvrFHHW2JAOPZUbnjUpKTLg6ECyzvas2AQ==}
    engines: {node: '>=18'}
    cpu: [arm64]
    os: [linux]

  '@esbuild/linux-arm@0.21.5':
    resolution: {integrity: sha512-bPb5AHZtbeNGjCKVZ9UGqGwo8EUu4cLq68E95A53KlxAPRmUyYv2D6F0uUI65XisGOL1hBP5mTronbgo+0bFcA==}
    engines: {node: '>=12'}
    cpu: [arm]
    os: [linux]

  '@esbuild/linux-arm@0.25.12':
    resolution: {integrity: sha512-lPDGyC1JPDou8kGcywY0YILzWlhhnRjdof3UlcoqYmS9El818LLfJJc3PXXgZHrHCAKs/Z2SeZtDJr5MrkxtOw==}
    engines: {node: '>=18'}
    cpu: [arm]
    os: [linux]

  '@esbuild/linux-ia32@0.21.5':
    resolution: {integrity: sha512-YvjXDqLRqPDl2dvRODYmmhz4rPeVKYvppfGYKSNGdyZkA01046pLWyRKKI3ax8fbJoK5QbxblURkwK/MWY18Tg==}
    engines: {node: '>=12'}
    cpu: [ia32]
    os: [linux]

  '@esbuild/linux-ia32@0.25.12':
    resolution: {integrity: sha512-0y9KrdVnbMM2/vG8KfU0byhUN+EFCny9+8g202gYqSSVMonbsCfLjUO+rCci7pM0WBEtz+oK/PIwHkzxkyharA==}
    engines: {node: '>=18'}
    cpu: [ia32]
    os: [linux]

  '@esbuild/linux-loong64@0.21.5':
    resolution: {integrity: sha512-uHf1BmMG8qEvzdrzAqg2SIG/02+4/DHB6a9Kbya0XDvwDEKCoC8ZRWI5JJvNdUjtciBGFQ5PuBlpEOXQj+JQSg==}
    engines: {node: '>=12'}
    cpu: [loong64]
    os: [linux]

  '@esbuild/linux-loong64@0.25.12':
    resolution: {integrity: sha512-h///Lr5a9rib/v1GGqXVGzjL4TMvVTv+s1DPoxQdz7l/AYv6LDSxdIwzxkrPW438oUXiDtwM10o9PmwS/6Z0Ng==}
    engines: {node: '>=18'}
    cpu: [loong64]
    os: [linux]

  '@esbuild/linux-mips64el@0.21.5':
    resolution: {integrity: sha512-IajOmO+KJK23bj52dFSNCMsz1QP1DqM6cwLUv3W1QwyxkyIWecfafnI555fvSGqEKwjMXVLokcV5ygHW5b3Jbg==}
    engines: {node: '>=12'}
    cpu: [mips64el]
    os: [linux]

  '@esbuild/linux-mips64el@0.25.12':
    resolution: {integrity: sha512-iyRrM1Pzy9GFMDLsXn1iHUm18nhKnNMWscjmp4+hpafcZjrr2WbT//d20xaGljXDBYHqRcl8HnxbX6uaA/eGVw==}
    engines: {node: '>=18'}
    cpu: [mips64el]
    os: [linux]

  '@esbuild/linux-ppc64@0.21.5':
    resolution: {integrity: sha512-1hHV/Z4OEfMwpLO8rp7CvlhBDnjsC3CttJXIhBi+5Aj5r+MBvy4egg7wCbe//hSsT+RvDAG7s81tAvpL2XAE4w==}
    engines: {node: '>=12'}
    cpu: [ppc64]
    os: [linux]

  '@esbuild/linux-ppc64@0.25.12':
    resolution: {integrity: sha512-9meM/lRXxMi5PSUqEXRCtVjEZBGwB7P/D4yT8UG/mwIdze2aV4Vo6U5gD3+RsoHXKkHCfSxZKzmDssVlRj1QQA==}
    engines: {node: '>=18'}
    cpu: [ppc64]
    os: [linux]

  '@esbuild/linux-riscv64@0.21.5':
    resolution: {integrity: sha512-2HdXDMd9GMgTGrPWnJzP2ALSokE/0O5HhTUvWIbD3YdjME8JwvSCnNGBnTThKGEB91OZhzrJ4qIIxk/SBmyDDA==}
    engines: {node: '>=12'}
    cpu: [riscv64]
    os: [linux]

  '@esbuild/linux-riscv64@0.25.12':
    resolution: {integrity: sha512-Zr7KR4hgKUpWAwb1f3o5ygT04MzqVrGEGXGLnj15YQDJErYu/BGg+wmFlIDOdJp0PmB0lLvxFIOXZgFRrdjR0w==}
    engines: {node: '>=18'}
    cpu: [riscv64]
    os: [linux]

  '@esbuild/linux-s390x@0.21.5':
    resolution: {integrity: sha512-zus5sxzqBJD3eXxwvjN1yQkRepANgxE9lgOW2qLnmr8ikMTphkjgXu1HR01K4FJg8h1kEEDAqDcZQtbrRnB41A==}
    engines: {node: '>=12'}
    cpu: [s390x]
    os: [linux]

  '@esbuild/linux-s390x@0.25.12':
    resolution: {integrity: sha512-MsKncOcgTNvdtiISc/jZs/Zf8d0cl/t3gYWX8J9ubBnVOwlk65UIEEvgBORTiljloIWnBzLs4qhzPkJcitIzIg==}
    engines: {node: '>=18'}
    cpu: [s390x]
    os: [linux]

  '@esbuild/linux-x64@0.21.5':
    resolution: {integrity: sha512-1rYdTpyv03iycF1+BhzrzQJCdOuAOtaqHTWJZCWvijKD2N5Xu0TtVC8/+1faWqcP9iBCWOmjmhoH94dH82BxPQ==}
    engines: {node: '>=12'}
    cpu: [x64]
    os: [linux]

  '@esbuild/linux-x64@0.25.12':
    resolution: {integrity: sha512-uqZMTLr/zR/ed4jIGnwSLkaHmPjOjJvnm6TVVitAa08SLS9Z0VM8wIRx7gWbJB5/J54YuIMInDquWyYvQLZkgw==}
    engines: {node: '>=18'}
    cpu: [x64]
    os: [linux]

  '@esbuild/netbsd-arm64@0.25.12':
    resolution: {integrity: sha512-xXwcTq4GhRM7J9A8Gv5boanHhRa/Q9KLVmcyXHCTaM4wKfIpWkdXiMog/KsnxzJ0A1+nD+zoecuzqPmCRyBGjg==}
    engines: {node: '>=18'}
    cpu: [arm64]
    os: [netbsd]

  '@esbuild/netbsd-x64@0.21.5':
    resolution: {integrity: sha512-Woi2MXzXjMULccIwMnLciyZH4nCIMpWQAs049KEeMvOcNADVxo0UBIQPfSmxB3CWKedngg7sWZdLvLczpe0tLg==}
    engines: {node: '>=12'}
    cpu: [x64]
    os: [netbsd]

  '@esbuild/netbsd-x64@0.25.12':
    resolution: {integrity: sha512-Ld5pTlzPy3YwGec4OuHh1aCVCRvOXdH8DgRjfDy/oumVovmuSzWfnSJg+VtakB9Cm0gxNO9BzWkj6mtO1FMXkQ==}
    engines: {node: '>=18'}
    cpu: [x64]
    os: [netbsd]

  '@esbuild/openbsd-arm64@0.25.12':
    resolution: {integrity: sha512-fF96T6KsBo/pkQI950FARU9apGNTSlZGsv1jZBAlcLL1MLjLNIWPBkj5NlSz8aAzYKg+eNqknrUJ24QBybeR5A==}
    engines: {node: '>=18'}
    cpu: [arm64]
    os: [openbsd]

  '@esbuild/openbsd-x64@0.21.5':
    resolution: {integrity: sha512-HLNNw99xsvx12lFBUwoT8EVCsSvRNDVxNpjZ7bPn947b8gJPzeHWyNVhFsaerc0n3TsbOINvRP2byTZ5LKezow==}
    engines: {node: '>=12'}
    cpu: [x64]
    os: [openbsd]

  '@esbuild/openbsd-x64@0.25.12':
    resolution: {integrity: sha512-MZyXUkZHjQxUvzK7rN8DJ3SRmrVrke8ZyRusHlP+kuwqTcfWLyqMOE3sScPPyeIXN/mDJIfGXvcMqCgYKekoQw==}
    engines: {node: '>=18'}
    cpu: [x64]
    os: [openbsd]

  '@esbuild/openharmony-arm64@0.25.12':
    resolution: {integrity: sha512-rm0YWsqUSRrjncSXGA7Zv78Nbnw4XL6/dzr20cyrQf7ZmRcsovpcRBdhD43Nuk3y7XIoW2OxMVvwuRvk9XdASg==}
    engines: {node: '>=18'}
    cpu: [arm64]
    os: [openharmony]

  '@esbuild/sunos-x64@0.21.5':
    resolution: {integrity: sha512-6+gjmFpfy0BHU5Tpptkuh8+uw3mnrvgs+dSPQXQOv3ekbordwnzTVEb4qnIvQcYXq6gzkyTnoZ9dZG+D4garKg==}
    engines: {node: '>=12'}
    cpu: [x64]
    os: [sunos]

  '@esbuild/sunos-x64@0.25.12':
    resolution: {integrity: sha512-3wGSCDyuTHQUzt0nV7bocDy72r2lI33QL3gkDNGkod22EsYl04sMf0qLb8luNKTOmgF/eDEDP5BFNwoBKH441w==}
    engines: {node: '>=18'}
    cpu: [x64]
    os: [sunos]

  '@esbuild/win32-arm64@0.21.5':
    resolution: {integrity: sha512-Z0gOTd75VvXqyq7nsl93zwahcTROgqvuAcYDUr+vOv8uHhNSKROyU961kgtCD1e95IqPKSQKH7tBTslnS3tA8A==}
    engines: {node: '>=12'}
    cpu: [arm64]
    os: [win32]

  '@esbuild/win32-arm64@0.25.12':
    resolution: {integrity: sha512-rMmLrur64A7+DKlnSuwqUdRKyd3UE7oPJZmnljqEptesKM8wx9J8gx5u0+9Pq0fQQW8vqeKebwNXdfOyP+8Bsg==}
    engines: {node: '>=18'}
    cpu: [arm64]
    os: [win32]

  '@esbuild/win32-ia32@0.21.5':
    resolution: {integrity: sha512-SWXFF1CL2RVNMaVs+BBClwtfZSvDgtL//G/smwAc5oVK/UPu2Gu9tIaRgFmYFFKrmg3SyAjSrElf0TiJ1v8fYA==}
    engines: {node: '>=12'}
    cpu: [ia32]
    os: [win32]

  '@esbuild/win32-ia32@0.25.12':
    resolution: {integrity: sha512-HkqnmmBoCbCwxUKKNPBixiWDGCpQGVsrQfJoVGYLPT41XWF8lHuE5N6WhVia2n4o5QK5M4tYr21827fNhi4byQ==}
    engines: {node: '>=18'}
    cpu: [ia32]
    os: [win32]

  '@esbuild/win32-x64@0.21.5':
    resolution: {integrity: sha512-tQd/1efJuzPC6rCFwEvLtci/xNFcTZknmXs98FYDfGE4wP9ClFV98nyKrzJKVPMhdDnjzLhdUyMX4PsQAPjwIw==}
    engines: {node: '>=12'}
    cpu: [x64]
    os: [win32]

  '@esbuild/win32-x64@0.25.12':
    resolution: {integrity: sha512-alJC0uCZpTFrSL0CCDjcgleBXPnCrEAhTBILpeAp7M/OFgoqtAetfBzX0xM00MUsVVPpVjlPuMbREqnZCXaTnA==}
    engines: {node: '>=18'}
    cpu: [x64]
    os: [win32]

  '@jridgewell/sourcemap-codec@1.5.5':
    resolution: {integrity: sha512-cYQ9310grqxueWbl+WuIUIaiUaDcj7WOq5fVhEljNVgRfOUhY9fy2zTvfoqWsnebh8Sl70VScFbICvJnLKB0Og==}

  '@napi-rs/lzma-linux-x64-gnu@1.5.1':
    resolution: {integrity: sha512-oTXEIha4SsuXdTA4Iyskj0kpdx2yVXdhd75c2v3xGrHFfVMsbhTPZU/nMPL4sWKo4pBHm3aucLaqGlF696dTyQ==}
    engines: {node: ^22.20 || ^24.12 || >=25}
    cpu: [x64]
    os: [linux]
    libc: [glibc]

  '@playwright/test@1.62.1':
    resolution: {integrity: sha512-DTcUc8qii+cpHvtOwggMtBRMjKZHXYWdw8syRYu2vtzuq4Wxphqq4NfCs5Zt44L6mA8rfDfj+PHnxFc/FeK6mQ==}
    engines: {node: '>=20'}
    hasBin: true

  '@rollup/rollup-android-arm-eabi@4.62.4':
    resolution: {integrity: sha512-RrPokAb7dmbxFoeO3TloqHyOjgye8RkBhSqmp4aJMIex4c9r46ZstPnleDQOq1t46VOVjwIuwNogIqbodV1Vvg==}
    cpu: [arm]
    os: [android]

  '@rollup/rollup-android-arm64@4.62.4':
    resolution: {integrity: sha512-JKuJc+pnpks2pjy7L/N3v/cAkZxYlnmuZoD840ldbMI5KDbC4iO9NKwPKYdjYFCMAIIlBzYSFHxIJVYzRo2/8A==}
    cpu: [arm64]
    os: [android]

  '@rollup/rollup-darwin-arm64@4.62.4':
    resolution: {integrity: sha512-krw5uS2STmvJ02x0uTXHbqQNuz+9eZ1iw+qXk9dmW2gvV4jV7O2hEoOnuhFrpOPiel1mBFtqbxYZZtC46hXLOw==}
    cpu: [arm64]
    os: [darwin]

  '@rollup/rollup-darwin-x64@4.62.4':
    resolution: {integrity: sha512-wsTxtgApb4PrOsNJIm0FZ1h3WvCC+k9uxLJ4ad75hgoS4NiRes2SoJFlDAyMwiUY8IssDqGcHbXuN0sx1tfF1A==}
    cpu: [x64]
    os: [darwin]

  '@rollup/rollup-freebsd-arm64@4.62.4':
    resolution: {integrity: sha512-GUOnQlyZe3yAXhWOtOMsn5Qkrv5E5mZXa0thbARWi5Ei2szlVXJFQhddZ4HbAzh8q92w5twp+CQvs/eFanz9YQ==}
    cpu: [arm64]
    os: [freebsd]

  '@rollup/rollup-freebsd-x64@4.62.4':
    resolution: {integrity: sha512-/Y7f3QuxjzPKsjA/rfEDa3+0vXqyjmJ50Ln8dPpCmWkKTrUoWHG1cWhTqaAMLob2m2nESWuC7yGrREz019Ztqg==}
    cpu: [x64]
    os: [freebsd]

  '@rollup/rollup-linux-arm-gnueabihf@4.62.4':
    resolution: {integrity: sha512-81wiiX3v7aqy+T+bT61TJ78yJjRquqFFTTbAPt08imfQQzkPIW8t6aJbkTagtCCrXMNc9D66+geqlK7ydLPNqA==}
    cpu: [arm]
    os: [linux]
    libc: [glibc]

  '@rollup/rollup-linux-arm-musleabihf@4.62.4':
    resolution: {integrity: sha512-9kmDIvNZqdoHOBZgNtpTBeLWYO/LVipM3H/j62P8848/l/VPEQL6N3uxU9pvP1oZAsXyC2MEnFP3ovRjo7WYNQ==}
    cpu: [arm]
    os: [linux]
    libc: [musl]

  '@rollup/rollup-linux-arm64-gnu@4.62.4':
    resolution: {integrity: sha512-CcnXHWnXg69g+DX5VWL3FHts3qMRN2uVEHX+BZvGLdd07/gXkn3ePjYtO1LDJvxkGKVHMclKBRa1QUTH+6toYQ==}
    cpu: [arm64]
    os: [linux]
    libc: [glibc]

  '@rollup/rollup-linux-arm64-musl@4.62.4':
    resolution: {integrity: sha512-iFOibiHnTRuhrWLlRsOQFdZJJIa7S8OwkneJr4ocALP16u5yk6lWLINFwhHaEqBFMsKDUZofLkGos7+CPzGB3g==}
    cpu: [arm64]
    os: [linux]
    libc: [musl]

  '@rollup/rollup-linux-loong64-gnu@4.62.4':
    resolution: {integrity: sha512-XnWYMI7euHlb5a871xPja+Gm7DRCFU+FGRrtS2sMq9N8FvqtpagUy6gD4YOemC5MRk9xbh8+jYMEJbigFQwsgA==}
    cpu: [loong64]
    os: [linux]
    libc: [glibc]

  '@rollup/rollup-linux-loong64-musl@4.62.4':
    resolution: {integrity: sha512-qGDAlO0U8xedCcsdRm9oaoQY8DAx/QT7uIxJWã^x¶‰žËkºwµçMÌè€œ¨œ4(€€€€€±¥¡Ñ¹¥¹ÍÌèxÄ¸ÈÄ¸À4(€€€€€Í…ÍÌè€œ¨œ4(€€€€€Í…ÍÌµ•µ‰•‘‘•è€œ¨œ4(€€€€€ÍÑå±ÕÌè€œ¨œ4(€€€€€ÍÕ…ÉÍÌè€œ¨œ4(€€€€€Ñ•ÉÍ•ÈèxÔ¸Ð¸À4(€€€Á••É•Á•¹‘•¹¥•Í5•Ñ„è4(€€€€€€ÑåÁ•Ì½¹½‘”œè4(€€€€€€€½ÁÑ¥½¹…°èÑÉÕ”4(€€€€€±•ÍÌè4(€€€€€€€½ÁÑ¥½¹…°èÑÉÕ”4(€€€€€±¥¡Ñ¹¥¹ÍÌè4(€€€€€€€½ÁÑ¥½¹…°èÑÉÕ”4(€€€€€Í…ÍÌè4(€€€€€€€½ÁÑ¥½¹…°èÑÉÕ”4(€€€€€Í…ÍÌµ•µ‰•‘‘•è4(€€€€€€€½ÁÑ¥½¹…°èÑÉÕ”4(€€€€€ÍÑå±ÕÌè4(€€€€€€€½ÁÑ¥½¹…°èÑÉÕ”4(€€€€€ÍÕ…ÉÍÌè4(€€€€€€€½ÁÑ¥½¹…°èÑÉÕ”4(€€€€€Ñ•ÉÍ•Èè4(€€€€€€€½ÁÑ¥½¹…°èÑÉÕ”4(4(€Ù¥Ñ• Ø¸Ð¸Ìè4(€€€É•Í½±ÕÑ¥½¸èí¥¹Ñ•É¥ÑäèÍ¡„ÔÄÈµ9Q-±E©±,Ý5±E½åˆÙ1…Å!ŒáÍÍ¼½ÁYåU)e]5ÝÌÍ©œÈÅÕQ)Ü½1‘‘Å%AAÅ@ÙAéÁ‰%iå-$àÕÍÑ!	ÉEáôõô4(€€€•¹¥¹•Ìèí¹½‘”èxÄà¸À¸ÀñðxÈÀ¸À¸Àñð€øôÈÈ¸À¸Áô4(€€€¡…Í	¥¸èÑÉÕ”4(€€€Á••É•Á•¹‘•¹¥•Ìè4(€€€€€€ÑåÁ•Ì½¹½‘”œèxÄà¸À¸ÀñðxÈÀ¸À¸Àñð€øôÈÈ¸À¸À4(€€€€€©¥Ñ¤è€œøôÄ¸ÈÄ¸Àœ4(€€€€€±•ÍÌè€œ¨œ4(€€€€€±¥¡Ñ¹¥¹ÍÌèxÄ¸ÈÄ¸À4(€€€€€Í…ÍÌè€œ¨œ4(€€€€€Í…ÍÌµ•µ‰•‘‘•è€œ¨œ4(€€€€€ÍÑå±ÕÌè€œ¨œ4(€€€€€ÍÕ…ÉÍÌè€œ¨œ4(€€€€€Ñ•ÉÍ•ÈèxÔ¸ÄØ¸À4(€€€€€ÑÍàèxÐ¸à¸Ä4(€€€€€å…µ°èxÈ¸Ð¸È4(€€€Á••É•Á•¹‘•¹¥•Í5•Ñ„è4(€€€€€€ÑåÁ•Ì½¹½‘”œè4(€€€€€€€½ÁÑ¥½¹…°èÑÉÕ”4(€€€€€©¥Ñ¤è4(€€€€€€€½ÁÑ¥½¹…°èÑÉÕ”4(€€€€€±•ÍÌè4(€€€€€€€½ÁÑ¥½¹…°èÑÉÕ”4(€€€€€±¥¡Ñ¹¥¹ÍÌè4(€€€€€€€½ÁÑ¥½¹…°èÑÉÕ”4(€€€€€Í…ÍÌè4(€€€€€€€½ÁÑ¥½¹…°èÑÉÕ”4(€€€€€Í…ÍÌµ•µ‰•‘‘•è4(€€€€€€€½ÁÑ¥½¹…°èÑÉÕ”4(€€€€€ÍÑå±ÕÌè4(€€€€€€€½ÁÑ¥½¹…°èÑÉÕ”4(€€€€€ÍÕ…ÉÍÌè4(€€€€€€€½ÁÑ¥½¹…°èÑÉÕ”4(€€€€€Ñ•ÉÍ•Èè4(€€€€€€€½ÁÑ¥½¹…°èÑÉÕ”4(€€€€€ÑÍàè4(€€€€€€€½ÁÑ¥½¹…°èÑÉÕ”4(€€€€€å…µ°è4(€€€€€€€½ÁÑ¥½¹…°èÑÉÕ”4(4(€Ù¥Ñ•ÍÑ È¸Ä¸äè4(€€€É•Í½±ÕÑ¥½¸èí¥¹Ñ•É¥ÑäèÍ¡„ÔÄÈµ5MµA4åIeÅ	$àÐÌåµÑµ]¡XÕÍ-µ±	-]%e‰Í±IˆÉAQ!Áµ-ÝáåDÉáÄåÙáQÕ¬Ñ¥AÉ	\É…½adÁDôõô4(€€€•¹¥¹•Ìèí¹½‘”èxÄà¸À¸Àñð€øôÈÀ¸À¸Áô4(€€€¡…Í	¥¸èÑÉÕ”4(€€€Á••É•Á•¹‘•¹¥•Ìè4(€€€€€€•‘”µÉÕ¹Ñ¥µ”½Ù´œè€œ¨œ4(€€€€€€ÑåÁ•Ì½¹½‘”œèxÄà¸À¸Àñð€øôÈÀ¸À¸À4(€€€€€€Ù¥Ñ•ÍÐ½‰É½ÝÍ•Èœè€È¸Ä¸ä4(€€€€€€Ù¥Ñ•ÍÐ½Õ¤œè€È¸Ä¸ä4(€€€€€¡…ÁÁäµ‘½´è€œ¨œ4(€€€€€©Í‘½´è€œ¨œ4(€€€Á••É•Á•¹‘•¹¥•Í5•Ñ„è4(€€€€€€•‘”µÉÕ¹Ñ¥µ”½Ù´œè4(€€€€€€€½ÁÑ¥½¹…°èÑÉÕ”4(€€€€€€ÑåÁ•Ì½¹½‘”œè4(€€€€€€€½ÁÑ¥½¹…°èÑÉÕ”4(€€€€€€Ù¥Ñ•ÍÐ½‰É½ÝÍ•Èœè4(€€€€€€€½ÁÑ¥½¹…°èÑÉÕ”4(€€€€€€Ù¥Ñ•ÍÐ½Õ¤œè4(€€€€€€€½ÁÑ¥½¹…°èÑÉÕ”4(€€€€€¡…ÁÁäµ‘½´è4(€€€€€€€½ÁÑ¥½¹…°èÑÉÕ”4(€€€€€©Í‘½´è4(€€€€€€€½ÁÑ¥½¹…°èÑÉÕ”4(4(€Ý¡äµ¥Ìµ¹½‘”µÉÕ¹¹¥¹ È¸Ì¸Àè4(€€€É•Í½±ÕÑ¥½¸èí¥¹Ñ•É¥ÑäèÍ¡„ÔÄÈµ¡UÉµ…]	‘YáÙeÅ¹å ÀåéÕ¹-éI=]©‰iQ¥9äá‘	©­LÝ•¡E¥‰a(ÝaÙ±µÑ‰ÝÕQ±U¥%å8­åaEÑYµ­¼á™9´áÜôõô4(€€€•¹¥¹•Ìèí¹½‘”è€œøôàô4(€€€¡…Í	¥¸èÑÉÕ”4(4)Í¹…ÁÍ¡½ÑÌè4(4(€€•Í‰Õ¥±½…¥àµÁÁŒØÑ À¸ÈÄ¸Ôœè4(€€€½ÁÑ¥½¹…°èÑÉÕ”4(4(€€•Í‰Õ¥±½…¥àµÁÁŒØÑ À¸ÈÔ¸ÄÈœè4(€€€½ÁÑ¥½¹…°èÑÉÕ”4(4(€€•Í‰Õ¥±½…¹‘É½¥µ…É´ØÑ À¸ÈÄ¸Ôœè4(€€€½ÁÑ¥½¹…°èÑÉÕ”4(4(€€•Í‰Õ¥±½…¹‘É½¥µ…É´ØÑ À¸ÈÔ¸ÄÈœè4(€€€½ÁÑ¥½¹…°èÑÉÕ”4(4(€€•Í‰Õ¥±½…¹‘É½¥µ…Éµ À¸ÈÄ¸Ôœè4(€€€½ÁÑ¥½¹…°èÑÉÕ”4(4(€€•Í‰Õ¥±½…¹‘É½¥µ…Éµ À¸ÈÔ¸ÄÈœè4(€€€½ÁÑ¥½¹…°èÑÉÕ”4(4(€€•Í‰Õ¥±½…¹‘É½¥µàØÑ À¸ÈÄ¸Ôœè4(€€€½ÁÑ¥½¹…°èÑÉÕ”4(4(€€•Í‰Õ¥±½…¹‘É½¥µàØÑ À¸ÈÔ¸ÄÈœè4(€€€½ÁÑ¥½¹…°èÑÉÕ”4(4(€€•Í‰Õ¥±½‘…ÉÝ¥¸µ…É´ØÑ À¸ÈÄ¸Ôœè4(€€€½ÁÑ¥½¹…°èÑÉÕ”4(4(€€•Í‰Õ¥±½‘…ÉÝ¥¸µ…É´ØÑ À¸ÈÔ¸ÄÈœè4(€€€½ÁÑ¥½¹…°èÑÉÕ”4(4(€€•Í‰Õ¥±½‘…ÉÝ¥¸µàØÑ À¸ÈÄ¸Ôœè4(€€€½ÁÑ¥½¹…°èÑÉÕ”4(4(€€•Í‰Õ¥±½‘…ÉÝ¥¸µàØÑ À¸ÈÔ¸ÄÈœè4(€€€½ÁÑ¥½¹…°èÑÉÕ”4(4(€€•Í‰Õ¥±½™É••‰Íµ…É´ØÑ À¸ÈÄ¸Ôœè4(€€€½ÁÑ¥½¹…°èÑÉÕ”4(4(€€•Í‰Õ¥±½™É••‰Íµ…É´ØÑ À¸ÈÔ¸ÄÈœè4(€€€½ÁÑ¥½¹…°èÑÉÕ”4(4(€€•Í‰Õ¥±½™É••‰ÍµàØÑ À¸ÈÄ¸Ôœè4(€€€½ÁÑ¥½¹…°èÑÉÕ”4(4(€€•Í‰Õ¥±½™É••‰ÍµàØÑ À¸ÈÔ¸ÄÈœè4(€€€½ÁÑ¥½¹…°èÑÉÕ”4(4(€€•Í‰Õ¥±½±¥¹Õàµ…É´ØÑ À¸ÈÄ¸Ôœè4(€€€½ÁÑ¥½¹…°èÑÉÕ”4(4(€€•Í‰Õ¥±½±¥¹Õàµ…É´ØÑ À¸ÈÔ¸ÄÈœè4(€€€½ÁÑ¥½¹…°èÑÉÕ”4(4(€€•Í‰Õ¥±½±¥¹Õàµ…Éµ À¸ÈÄ¸Ôœè4(€€€½ÁÑ¥½¹…°èÑÉÕ”4(4(€€•Í‰Õ¥±½±¥¹Õàµ…Éµ À¸ÈÔ¸ÄÈœè4(€€€½ÁÑ¥½¹…°èÑÉÕ”4(4(€€•Í‰Õ¥±½±¥¹Õàµ¥„ÌÉ À¸ÈÄ¸Ôœè4(€€€½ÁÑ¥½¹…°èÑÉÕ”4(4(€€•Í‰Õ¥±½±¥¹Õàµ¥„ÌÉ À¸ÈÔ¸ÄÈœè4(€€€½ÁÑ¥½¹…°èÑÉÕ”4(4(€€•Í‰Õ¥±½±¥¹Õàµ±½½¹œØÑ À¸ÈÄ¸Ôœè4(€€€½ÁÑ¥½¹…°èÑÉÕ”4(4(€€•Í‰Õ¥±½±¥¹Õàµ±½½¹œØÑ À¸ÈÔ¸ÄÈœè4(€€€½ÁÑ¥½¹…°èÑÉÕ”4(4(€€•Í‰Õ¥±½±¥¹Õàµµ¥ÁÌØÑ•± À¸ÈÄ¸Ôœè4(€€€½ÁÑ¥½¹…°èÑÉÕ”4(4(€€•Í‰Õ¥±½±¥¹Õàµµ¥ÁÌØÑ•± À¸ÈÔ¸ÄÈœè4(€€€½ÁÑ¥½¹…°èÑÉÕ”4(4(€€•Í‰Õ¥±½±¥¹ÕàµÁÁŒØÑ À¸ÈÄ¸Ôœè4(€€€½ÁÑ¥½¹…°èÑÉÕ”4(4(€€•Í‰Õ¥±½±¥¹ÕàµÁÁŒØÑ À¸ÈÔ¸ÄÈœè4(€€€½ÁÑ¥½¹…°èÑÉÕ”4(4(€€•Í‰Õ¥±½±¥¹ÕàµÉ¥ÍØØÑ À¸ÈÄ¸Ôœè4(€€€½ÁÑ¥½¹…°èÑÉÕ”4(4(€€•Í‰Õ¥±½±¥¹ÕàµÉ¥ÍØØÑ À¸ÈÔ¸ÄÈœè4(€€€½ÁÑ¥½¹…°èÑÉÕ”4(4(€€•Í‰Õ¥±½±¥¹ÕàµÌÌäÁá À¸ÈÄ¸Ôœè4(€€€½ÁÑ¥½¹…°èÑÉÕ”4(4(€€•Í‰Õ¥±½±¥¹ÕàµÌÌäÁá À¸ÈÔ¸ÄÈœè4(€€€½ÁÑ¥½¹…°èÑÉÕ”4(4(€€•Í‰Õ¥±½±¥¹ÕàµàØÑ À¸ÈÄ¸Ôœè4(€€€½ÁÑ¥½¹…°èÑÉÕ”4(4(€€•Í‰Õ¥±½±¥¹ÕàµàØÑ À¸ÈÔ¸ÄÈœè4(€€€½ÁÑ¥½¹…°èÑÉÕ”4(4(€€•Í‰Õ¥±½¹•Ñ‰Íµ…É´ØÑ À¸ÈÔ¸ÄÈœè4(€€€½ÁÑ¥½¹…°èÑÉÕ”4(4(€€•Í‰Õ¥±½¹•Ñ‰ÍµàØÑ À¸ÈÄ¸Ôœè4(€€€½ÁÑ¥½¹…°èÑÉÕ”4(4(€€•Í‰Õ¥±½¹•Ñ‰ÍµàØÑ À¸ÈÔ¸ÄÈœè4(€€€½ÁÑ¥½¹…°èÑÉÕ”4(4(€€•Í‰Õ¥±½½Á•¹‰Íµ…É´ØÑ À¸ÈÔ¸ÄÈœè4(€€€½ÁÑ¥½¹…°èÑÉÕ”4(4(€€•Í‰Õ¥±½½Á•¹‰ÍµàØÑ À¸ÈÄ¸Ôœè4(€€€½ÁÑ¥½¹…°èÑÉÕ”4(4(€€•Í‰Õ¥±½½Á•¹‰ÍµàØÑ À¸ÈÔ¸ÄÈœè4(€€€½ÁÑ¥½¹…°èÑÉÕ”4(4(€€•Í‰Õ¥±½½Á•¹¡…Éµ½¹äµ…É´ØÑ À¸ÈÔ¸ÄÈœè4(€€€½ÁÑ¥½¹…°èÑÉÕ”4(4(€€•Í‰Õ¥±½ÍÕ¹½ÌµàØÑ À¸ÈÄ¸Ôœè4(€€€½ÁÑ¥½¹…°èÑÉÕ”4(4(€€•Í‰Õ¥±½ÍÕ¹½ÌµàØÑ À¸ÈÔ¸ÄÈœè4(€€€½ÁÑ¥½¹…°èÑÉÕ”4(4(€€•Í‰Õ¥±½Ý¥¸ÌÈµ…É´ØÑ À¸ÈÄ¸Ôœè4(€€€½ÁÑ¥½¹…°èÑÉÕ”4(4(€€•Í‰Õ¥±½Ý¥¸ÌÈµ…É´ØÑ À¸ÈÔ¸ÄÈœè4(€€€½ÁÑ¥½¹…°èÑÉÕ”4(4(€€•Í‰Õ¥±½Ý¥¸ÌÈµ¥„ÌÉ À¸ÈÄ¸Ôœè4(€€€½ÁÑ¥½¹…°èÑÉÕ”4(4(€€•Í‰Õ¥±½Ý¥¸ÌÈµ¥„ÌÉ À¸ÈÔ¸ÄÈœè4(€€€½ÁÑ¥½¹…°èÑÉÕ”4(4(€€•Í‰Õ¥±½Ý¥¸ÌÈµàØÑ À¸ÈÄ¸Ôœè4(€€€½ÁÑ¥½¹…°èÑÉÕ”4(4(€€•Í‰Õ¥±½Ý¥¸ÌÈµàØÑ À¸ÈÔ¸ÄÈœè4(€€€½ÁÑ¥½¹…°èÑÉÕ”4(4(€€©É¥‘•Ý•±°½Í½ÕÉ•µ…Àµ½‘• Ä¸Ô¸Ôœèíô4(4(€€¹…Á¤µÉÌ½±éµ„µ±¥¹ÕàµàØÐµ¹Õ Ä¸Ô¸Äœè4(€€€½ÁÑ¥½¹…°èÑÉÕ”4(4(€€Á±…åÝÉ¥¡Ð½Ñ•ÍÑ Ä¸ØÈ¸Äœè4(€€€‘•Á•¹‘•¹¥•Ìè4(€€€€€Á±…åÝÉ¥¡Ðè€Ä¸ØÈ¸Ä4(4(€€É½±±ÕÀ½É½±±ÕÀµ…¹‘É½¥µ…É´µ•…‰¥ Ð¸ØÈ¸Ðœè4(€€€½ÁÑ¥½¹…°èÑÉÕ”4(4(€€É½±±ÕÀ½É½±±ÕÀµ…¹‘É½¥µ…É´ØÑ Ð¸ØÈ¸Ðœè4(€€€½ÁÑ¥½¹…°èÑÉÕ”4(4(€€É½±±ÕÀ½É½±±ÕÀµ‘…ÉÝ¥¸µ…É´ØÑ Ð¸ØÈ¸Ðœè4(€€€½ÁÑ¥½¹…°èÑÉÕ”4(4(€€É½±±ÕÀ½É½±±ÕÀµ‘…ÉÝ¥¸µàØÑ Ð¸ØÈ¸Ðœè4(€€€½ÁÑ¥½¹…°èÑÉÕ”4(4(€€É½±±ÕÀ½É½±±ÕÀµ™É••‰Íµ…É´ØÑ Ð¸ØÈ¸Ðœè4(€€€½ÁÑ¥½¹…°èÑÉÕ”4(4(€€É½±±ÕÀ½É½±±ÕÀµ™É••‰ÍµàØÑ Ð¸ØÈ¸Ðœè4(€€€½ÁÑ¥½¹…°èÑÉÕ”4(4(€€É½±±ÕÀ½É½±±ÕÀµ±¥¹Õàµ…É´µ¹Õ•…‰¥¡™ Ð¸ØÈ¸Ðœè4(€€€½ÁÑ¥½¹…°èÑÉÕ”4(4(€€É½±±ÕÀ½É½±±ÕÀµ±¥¹Õàµ…É´µµÕÍ±•…‰¥¡™ Ð¸ØÈ¸Ðœè4(€€€½ÁÑ¥½¹…°èÑÉÕ”4(4(€€É½±±ÕÀ½É½±±ÕÀµ±¥¹Õàµ…É´ØÐµ¹Õ Ð¸ØÈ¸Ðœè4(€€€½ÁÑ¥½¹…°èÑÉÕ”4(4(€€É½±±ÕÀ½É½±±ÕÀµ±¥¹Õàµ…É´ØÐµµÕÍ± Ð¸ØÈ¸Ðœè4(€€€½ÁÑ¥½¹…°èÑÉÕ”4(4(€€É½±±ÕÀ½É½±±ÕÀµ±¥¹Õàµ±½½¹œØÐµ¹Õ Ð¸ØÈ¸Ðœè4(€€€½ÁÑ¥½¹…°èÑÉÕ”4(4(€€É½±±ÕÀ½É½±±ÕÀµ±¥¹Õàµ±½½¹œØÐµµÕÍ± Ð¸ØÈ¸Ðœè4(€€€½ÁÑ¥½¹…°èÑÉÕ”4(4(€€É½±±ÕÀ½É½±±ÕÀµ±¥¹ÕàµÁÁŒØÐµ¹Õ Ð¸ØÈ¸Ðœè4(€€€½ÁÑ¥½¹…°èÑÉÕ”4(4(€€É½±±ÕÀ½É½±±ÕÀµ±¥¹ÕàµÁÁŒØÐµµÕÍ± Ð¸ØÈ¸Ðœè4(€€€½ÁÑ¥½¹…°èÑÉÕ”4(4(€€É½±±ÕÀ½É½±±ÕÀµ±¥¹ÕàµÉ¥ÍØØÐµ¹Õ Ð¸ØÈ¸Ðœè4(€€€½ÁÑ¥½¹…°èÑÉÕ”4(4(€€É½±±ÕÀ½É½±±ÕÀµ±¥¹ÕàµÉ¥ÍØØÐµµÕÍ± Ð¸ØÈ¸Ðœè4(€€€½ÁÑ¥½¹…°èÑÉÕ”4(4(€€É½±±ÕÀ½É½±±ÕÀµ±¥¹ÕàµÌÌäÁàµ¹Õ Ð¸ØÈ¸Ðœè4(€€€½ÁÑ¥½¹…°èÑÉÕ”4(4(€€É½±±ÕÀ½É½±±ÕÀµ±¥¹ÕàµàØÐµ¹Õ Ð¸ØÈ¸Ðœè4(€€€½ÁÑ¥½¹…°èÑÉÕ”4(4(€€É½±±ÕÀ½É½±±ÕÀµ±¥¹ÕàµàØÐµµÕÍ± Ð¸ØÈ¸Ðœè4(€€€½ÁÑ¥½¹…°èÑÉÕ”4(4(€€É½±±ÕÀ½É½±±ÕÀµ½Á•¹‰ÍµàØÑ Ð¸ØÈ¸Ðœè4(€€€½ÁÑ¥½¹…°èÑÉÕ”4(4(€€É½±±ÕÀ½É½±±ÕÀµ½Á•¹¡…Éµ½¹äµ…É´ØÑ Ð¸ØÈ¸Ðœè4(€€€½ÁÑ¥½¹…°èÑÉÕ”4(4(€€É½±±ÕÀ½É½±±ÕÀµÝ¥¸ÌÈµ…É´ØÐµµÍÙ Ð¸ØÈ¸Ðœè4(€€€½ÁÑ¥½¹…°èÑÉÕ”4(4(€€É½±±ÕÀ½É½±±ÕÀµÝ¥¸ÌÈµ¥„ÌÈµµÍÙ Ð¸ØÈ¸Ðœè4(€€€½ÁÑ¥½¹…°èÑÉÕ”4(4(€€É½±±ÕÀ½É½±±ÕÀµÝ¥¸ÌÈµàØÐµ¹Õ Ð¸ØÈ¸Ðœè4(€€€½ÁÑ¥½¹…°èÑÉÕ”4(4(€€É½±±ÕÀ½É½±±ÕÀµÝ¥¸ÌÈµàØÐµµÍÙ Ð¸ØÈ¸Ðœè4(€€€½ÁÑ¥½¹…°èÑÉÕ”4(4(€€ÑåÁ•Ì½•ÍÑÉ•• Ä¸À¸äœèíô4(4(€€ÑåÁ•Ì½¹½‘• ÈÈ¸ÈÀ¸Äœè4(€€€‘•Á•¹‘•¹¥•Ìè4(€€€€€Õ¹‘¥¤µÑåÁ•Ìè€Ø¸ÈÄ¸À4(4(€€Ù¥Ñ•©Ì½Á±Õ¥¸µ‰…Í¥ŒµÍÍ± È¸Ì¸À¡Ù¥Ñ• Ø¸Ð¸Ì¡ÑåÁ•Ì½¹½‘• ÈÈ¸ÈÀ¸Ä¤¤œè4(€€€‘•Á•¹‘•¹¥•Ìè4(€€€€€Ù¥Ñ”è€Ø¸Ð¸Ì¡ÑåÁ•Ì½¹½‘• ÈÈ¸ÈÀ¸Ä¤4(4(€€Ù¥Ñ•ÍÐ½•áÁ•Ñ È¸Ä¸äœè4(€€€‘•Á•¹‘•¹¥•Ìè4(€€€€€€Ù¥Ñ•ÍÐ½ÍÁäœè€È¸Ä¸ä4(€€€€€€Ù¥Ñ•ÍÐ½ÕÑ¥±Ìœè€È¸Ä¸ä4(€€€€€¡…¤è€Ô¸Ì¸Ì4(€€€€€Ñ¥¹åÉ…¥¹‰½Üè€Ä¸È¸À4(4(€€Ù¥Ñ•ÍÐ½µ½­•É È¸Ä¸ä¡Ù¥Ñ• Ô¸Ð¸ÈÄ¡ÑåÁ•Ì½¹½‘• ÈÈ¸ÈÀ¸Ä¤¤œè4(€€€‘•Á•¹‘•¹¥•Ìè4(€€€€€€Ù¥Ñ•ÍÐ½ÍÁäœè€È¸Ä¸ä4(€€€€€•ÍÑÉ•”µÝ…±­•Èè€Ì¸À¸Ì4(€€€€€µ…¥ŒµÍÑÉ¥¹œè€À¸ÌÀ¸ÈÄ4(€€€½ÁÑ¥½¹…±•Á•¹‘•¹¥•Ìè4(€€€€€Ù¥Ñ”è€Ô¸Ð¸ÈÄ¡ÑåÁ•Ì½¹½‘• ÈÈ¸ÈÀ¸Ä¤4(4(€€Ù¥Ñ•ÍÐ½ÁÉ•ÑÑäµ™½Éµ…Ñ È¸Ä¸äœè4(€€€‘•Á•¹‘•¹¥•Ìè4(€€€€€Ñ¥¹åÉ…¥¹‰½Üè€Ä¸È¸À4(4(€€Ù¥Ñ•ÍÐ½ÉÕ¹¹•É È¸Ä¸äœè4(€€€‘•Á•¹‘•¹¥•Ìè4(€€€€€€Ù¥Ñ•ÍÐ½ÕÑ¥±Ìœè€È¸Ä¸ä4(€€€€€Á…Ñ¡”è€Ä¸Ä¸È4(4(€€Ù¥Ñ•ÍÐ½Í¹…ÁÍ¡½Ñ È¸Ä¸äœè4(€€€‘•Á•¹‘•¹¥•Ìè4(€€€€€€Ù¥Ñ•ÍÐ½ÁÉ•ÑÑäµ™½Éµ…Ðœè€È¸Ä¸ä4(€€€€€µ…¥ŒµÍÑÉ¥¹œè€À¸ÌÀ¸ÈÄ4(€€€€€Á…Ñ¡”è€Ä¸Ä¸È4(4(€€Ù¥Ñ•ÍÐ½ÍÁå È¸Ä¸äœè4(€€€‘•Á•¹‘•¹¥•Ìè4(€€€€€Ñ¥¹åÍÁäè€Ì¸À¸È4(4(€€Ù¥Ñ•ÍÐ½ÕÑ¥±Í È¸Ä¸äœè4(€€€‘•Á•¹‘•¹¥•Ìè4(€€€€€€Ù¥Ñ•ÍÐ½ÁÉ•ÑÑäµ™½Éµ…Ðœè€È¸Ä¸ä4(€€€€€±½ÕÁ”è€Ì¸È¸Ä4(€€€€€Ñ¥¹åÉ…¥¹‰½Üè€Ä¸È¸À4(4(€…ÍÍ•ÉÑ¥½¸µ•ÉÉ½É È¸À¸Äèíô4(4(€… Ø¸Ü¸ÄÐèíô4(4(€¡…¥ Ô¸Ì¸Ìè4(€€€‘•Á•¹‘•¹¥•Ìè4(€€€€€…ÍÍ•ÉÑ¥½¸µ•ÉÉ½Èè€È¸À¸Ä4(€€€€€¡•¬µ•ÉÉ½Èè€È¸Ä¸Ì4(€€€€€‘••Àµ•Å°è€Ô¸À¸È4(€€€€€±½ÕÁ”è€Ì¸È¸Ä4(€€€€€Á…Ñ¡Ù…°è€È¸À¸Ä4(4(€¡•¬µ•ÉÉ½É È¸Ä¸Ìèíô4(4(€‘•‰Õ Ð¸Ð¸Ìè4(€€€‘•Á•¹‘•¹¥•Ìè4(€€€€€µÌè€È¸Ä¸Ì4(4(€‘••Àµ•Å± Ô¸À¸Èèíô4(4(€•Ìµµ½‘Õ±”µ±•á•É Ä¸Ü¸Àèíô4(4(€•Í‰Õ¥±‘ À¸ÈÄ¸Ôè4(€€€½ÁÑ¥½¹…±•Á•¹‘•¹¥•Ìè4(€€€€€€•Í‰Õ¥±½…¥àµÁÁŒØÐœè€À¸ÈÄ¸Ô4(€€€€€€•Í‰Õ¥±½…¹‘É½¥µ…É´œè€À¸ÈÄ¸Ô4(€€€€€€•Í‰Õ¥±½…¹‘É½¥µ…É´ØÐœè€À¸ÈÄ¸Ô4(€€€€€€•Í‰Õ¥±½…¹‘É½¥µàØÐœè€À¸ÈÄ¸Ô4(€€€€€€•Í‰Õ¥±½‘…ÉÝ¥¸µ…É´ØÐœè€À¸ÈÄ¸Ô4(€€€€€€•Í‰Õ¥±½‘…ÉÝ¥¸µàØÐœè€À¸ÈÄ¸Ô4(€€€€€€•Í‰Õ¥±½™É••‰Íµ…É´ØÐœè€À¸ÈÄ¸Ô4(€€€€€€•Í‰Õ¥±½™É••‰ÍµàØÐœè€À¸ÈÄ¸Ô4(€€€€€€•Í‰Õ¥±½±¥¹Õàµ…É´œè€À¸ÈÄ¸Ô4(€€€€€€•Í‰Õ¥±½±¥¹Õàµ…É´ØÐœè€À¸ÈÄ¸Ô4(€€€€€€•Í‰Õ¥±½±¥¹Õàµ¥„ÌÈœè€À¸ÈÄ¸Ô4(€€€€€€•Í‰Õ¥±½±¥¹Õàµ±½½¹œØÐœè€À¸ÈÄ¸Ô4(€€€€€€•Í‰Õ¥±½±¥¹Õàµµ¥ÁÌØÑ•°œè€À¸ÈÄ¸Ô4(€€€€€€•Í‰Õ¥±½±¥¹ÕàµÁÁŒØÐœè€À¸ÈÄ¸Ô4(€€€€€€•Í‰Õ¥±½±¥¹ÕàµÉ¥ÍØØÐœè€À¸ÈÄ¸Ô4(€€€€€€•Í‰Õ¥±½±¥¹ÕàµÌÌäÁàœè€À¸ÈÄ¸Ô4(€€€€€€•Í‰Õ¥±½±¥¹ÕàµàØÐœè€À¸ÈÄ¸Ô4(€€€€€€•Í‰Õ¥±½¹•Ñ‰ÍµàØÐœè€À¸ÈÄ¸Ô4(€€€€€€•Í‰Õ¥±½½Á•¹‰ÍµàØÐœè€À¸ÈÄ¸Ô4(€€€€€€•Í‰Õ¥±½ÍÕ¹½ÌµàØÐœè€À¸ÈÄ¸Ô4(€€€€€€•Í‰Õ¥±½Ý¥¸ÌÈµ…É´ØÐœè€À¸ÈÄ¸Ô4(€€€€€€•Í‰Õ¥±½Ý¥¸ÌÈµ¥„ÌÈœè€À¸ÈÄ¸Ô4(€€€€€€•Í‰Õ¥±½Ý¥¸ÌÈµàØÐœè€À¸ÈÄ¸Ô4(4(€•Í‰Õ¥±‘ À¸ÈÔ¸ÄÈè4(€€€½ÁÑ¥½¹…±•Á•¹‘•¹¥•Ìè4(€€€€€€•Í‰Õ¥±½…¥àµÁÁŒØÐœè€À¸ÈÔ¸ÄÈ4(€€€€€€•Í‰Õ¥±½…¹‘É½¥µ…É´œè€À¸ÈÔ¸ÄÈ4(€€€€€€•Í‰Õ¥±½…¹‘É½¥µ…É´ØÐœè€À¸ÈÔ¸ÄÈ4(€€€€€€•Í‰Õ¥±½…¹‘É½¥µàØÐœè€À¸ÈÔ¸ÄÈ4(€€€€€€•Í‰Õ¥±½‘…ÉÝ¥¸µ…É´ØÐœè€À¸ÈÔ¸ÄÈ4(€€€€€€•Í‰Õ¥±½‘…ÉÝ¥¸µàØÐœè€À¸ÈÔ¸ÄÈ4(€€€€€€•Í‰Õ¥±½™É••‰Íµ…É´ØÐœè€À¸ÈÔ¸ÄÈ4(€€€€€€•Í‰Õ¥±½™É••‰ÍµàØÐœè€À¸ÈÔ¸ÄÈ4(€€€€€€•Í‰Õ¥±½±¥¹Õàµ…É´œè€À¸ÈÔ¸ÄÈ4(€€€€€€•Í‰Õ¥±½±¥¹Õàµ…É´ØÐœè€À¸ÈÔ¸ÄÈ4(€€€€€€•Í‰Õ¥±½±¥¹Õàµ¥„ÌÈœè€À¸ÈÔ¸ÄÈ4(€€€€€€•Í‰Õ¥±½±¥¹Õàµ±½½¹œØÐœè€À¸ÈÔ¸ÄÈ4(€€€€€€•Í‰Õ¥±½±¥¹Õàµµ¥ÁÌØÑ•°œè€À¸ÈÔ¸ÄÈ4(€€€€€€•Í‰Õ¥±½±¥¹ÕàµÁÁŒØÐœè€À¸ÈÔ¸ÄÈ4(€€€€€€•Í‰Õ¥±½±¥¹ÕàµÉ¥ÍØØÐœè€À¸ÈÔ¸ÄÈ4(€€€€€€•Í‰Õ¥±½±¥¹ÕàµÌÌäÁàœè€À¸ÈÔ¸ÄÈ4(€€€€€€•Í‰Õ¥±½±¥¹ÕàµàØÐœè€À¸ÈÔ¸ÄÈ4(€€€€€€•Í‰Õ¥±½¹•Ñ‰Íµ…É´ØÐœè€À¸ÈÔ¸ÄÈ4(€€€€€€•Í‰Õ¥±½¹•Ñ‰ÍµàØÐœè€À¸ÈÔ¸ÄÈ4(€€€€€€•Í‰Õ¥±½½Á•¹‰Íµ…É´ØÐœè€À¸ÈÔ¸ÄÈ4(€€€€€€•Í‰Õ¥±½½Á•¹‰ÍµàØÐœè€À¸ÈÔ¸ÄÈ4(€€€€€€•Í‰Õ¥±½½Á•¹¡…Éµ½¹äµ…É´ØÐœè€À¸ÈÔ¸ÄÈ4(€€€€€€•Í‰Õ¥±½ÍÕ¹½ÌµàØÐœè€À¸ÈÔ¸ÄÈ4(€€€€€€•Í‰Õ¥±½Ý¥¸ÌÈµ…É´ØÐœè€À¸ÈÔ¸ÄÈ4(€€€€€€•Í‰Õ¥±½Ý¥¸ÌÈµ¥„ÌÈœè€À¸ÈÔ¸ÄÈ4(€€€€€€•Í‰Õ¥±½Ý¥¸ÌÈµàØÐœè€À¸ÈÔ¸ÄÈ4(4(€•ÍÑÉ•”µÝ…±­•É Ì¸À¸Ìè4(€€€‘•Á•¹‘•¹¥•Ìè4(€€€€€€ÑåÁ•Ì½•ÍÑÉ•”œè€Ä¸À¸ä4(4(€•Ù•¹Ñ•µ¥ÑÑ•ÈÍ Ô¸À¸Ðèíô4(4(€•áÁ•ÐµÑåÁ• Ä¸Ð¸Àèíô4(4(€™‘¥É Ø¸Ô¸À¡Á¥½µ…Ñ¡ Ð¸À¸Ô¤è4(€€€½ÁÑ¥½¹…±•Á•¹‘•¹¥•Ìè4(€€€€€Á¥½µ…Ñ è€Ð¸À¸Ô4(4(€™Í•Ù•¹ÑÍ È¸Ì¸Èè4(€€€½ÁÑ¥½¹…°èÑÉÕ”4(4(€™Í•Ù•¹ÑÍ È¸Ì¸Ìè4(€€€½ÁÑ¥½¹…°èÑÉÕ”4(4(€±½ÕÁ• Ì¸È¸Äèíô4(4(€µ…¥ŒµÍÑÉ¥¹ À¸ÌÀ¸ÈÄè4(€€€‘•Á•¹‘•¹¥•Ìè4(€€€€€€©É¥‘•Ý•±°½Í½ÕÉ•µ…Àµ½‘•Œœè€Ä¸Ô¸Ô4(4(€µÍ È¸Ä¸Ìèíô4(4(€¹…¹½¥‘ Ì¸Ì¸Äàèíô4(4(€Á…Ñ¡• Ä¸Ä¸Èèíô4(4(€Á…Ñ¡Ù…± È¸À¸Äèíô4(4(€Á¡…Í•É Ì¸äÀ¸Àè4(€€€‘•Á•¹‘•¹¥•Ìè4(€€€€€•Ù•¹Ñ•µ¥ÑÑ•ÈÌè€Ô¸À¸Ð4(4(€Á¥½½±½ÉÍ Ä¸Ä¸Äèíô4(4(€Á¥½µ…Ñ¡ Ð¸À¸Ôèíô4(4(€Á±…åÝÉ¥¡Ðµ½É• Ä¸ØÈ¸Äèíô4(4(€Á±…åÝÉ¥¡Ñ Ä¸ØÈ¸Äè4(€€€‘•Á•¹‘•¹¥•Ìè4(€€€€€Á±…åÝÉ¥¡Ðµ½É”è€Ä¸ØÈ¸Ä4(€€€½ÁÑ¥½¹…±•Á•¹‘•¹¥•Ìè4(€€€€€™Í•Ù•¹ÑÌè€È¸Ì¸È4(4(€Á½ÍÑÍÍ à¸Ô¸ÈØè4(€€€‘•Á•¹‘•¹¥•Ìè4(€€€€€¹…¹½¥è€Ì¸Ì¸Äà4(€€€€€Á¥½½±½ÉÌè€Ä¸Ä¸Ä4(€€€€€Í½ÕÉ”µµ…Àµ©Ìè€Ä¸È¸Ä4(4(€É½±±ÕÁ Ð¸ØÈ¸Ðè4(€€€‘•Á•¹‘•¹¥•Ìè4(€€€€€€ÑåÁ•Ì½•ÍÑÉ•”œè€Ä¸À¸ä4(€€€½ÁÑ¥½¹…±•Á•¹‘•¹¥•Ìè4(€€€€€€¹…Á¤µÉÌ½±éµ„µ±¥¹ÕàµàØÐµ¹Ôœè€Ä¸Ô¸Ä4(€€€€€€É½±±ÕÀ½É½±±ÕÀµ…¹‘É½¥µ…É´µ•…‰¤œè€Ð¸ØÈ¸Ð4(€€€€€€É½±±ÕÀ½É½±±ÕÀµ…¹‘É½¥µ…É´ØÐœè€Ð¸ØÈ¸Ð4(€€€€€€É½±±ÕÀ½É½±±ÕÀµ‘…ÉÝ¥¸µ…É´ØÐœè€Ð¸ØÈ¸Ð4(€€€€€€É½±±ÕÀ½É½±±ÕÀµ‘…ÉÝ¥¸µàØÐœè€Ð¸ØÈ¸Ð4(€€€€€€É½±±ÕÀ½É½±±ÕÀµ™É••‰Íµ…É´ØÐœè€Ð¸ØÈ¸Ð4(€€€€€€É½±±ÕÀ½É½±±ÕÀµ™É••‰ÍµàØÐœè€Ð¸ØÈ¸Ð4(€€€€€€É½±±ÕÀ½É½±±ÕÀµ±¥¹Õàµ…É´µ¹Õ•…‰¥¡˜œè€Ð¸ØÈ¸Ð4(€€€€€€É½±±ÕÀ½É½±±ÕÀµ±¥¹Õàµ…É´µµÕÍ±•…‰¥¡˜œè€Ð¸ØÈ¸Ð4(€€€€€€É½±±ÕÀ½É½±±ÕÀµ±¥¹Õàµ…É´ØÐµ¹Ôœè€Ð¸ØÈ¸Ð4(€€€€€€É½±±ÕÀ½É½±±ÕÀµ±¥¹Õàµ…É´ØÐµµÕÍ°œè€Ð¸ØÈ¸Ð4(€€€€€€É½±±ÕÀ½É½±±ÕÀµ±¥¹Õàµ±½½¹œØÐµ¹Ôœè€Ð¸ØÈ¸Ð4(€€€€€€É½±±ÕÀ½É½±±ÕÀµ±¥¹Õàµ±½½¹œØÐµµÕÍ°œè€Ð¸ØÈ¸Ð4(€€€€€€É½±±ÕÀ½É½±±ÕÀµ±¥¹ÕàµÁÁŒØÐµ¹Ôœè€Ð¸ØÈ¸Ð4(€€€€€€É½±±ÕÀ½É½±±ÕÀµ±¥¹ÕàµÁÁŒØÐµµÕÍ°œè€Ð¸ØÈ¸Ð4(€€€€€€É½±±ÕÀ½É½±±ÕÀµ±¥¹ÕàµÉ¥ÍØØÐµ¹Ôœè€Ð¸ØÈ¸Ð4(€€€€€€É½±±ÕÀ½É½±±ÕÀµ±¥¹ÕàµÉ¥ÍØØÐµµÕÍ°œè€Ð¸ØÈ¸Ð4(€€€€€€É½±±ÕÀ½É½±±ÕÀµ±¥¹ÕàµÌÌäÁàµ¹Ôœè€Ð¸ØÈ¸Ð4(€€€€€€É½±±ÕÀ½É½±±ÕÀµ±¥¹ÕàµàØÐµ¹Ôœè€Ð¸ØÈ¸Ð4(€€€€€€É½±±ÕÀ½É½±±ÕÀµ±¥¹ÕàµàØÐµµÕÍ°œè€Ð¸ØÈ¸Ð4(€€€€€€É½±±ÕÀ½É½±±ÕÀµ½Á•¹‰ÍµàØÐœè€Ð¸ØÈ¸Ð4(€€€€€€É½±±ÕÀ½É½±±ÕÀµ½Á•¹¡…Éµ½¹äµ…É´ØÐœè€Ð¸ØÈ¸Ð4(€€€€€€É½±±ÕÀ½É½±±ÕÀµÝ¥¸ÌÈµ…É´ØÐµµÍÙŒœè€Ð¸ØÈ¸Ð4(€€€€€€É½±±ÕÀ½É½±±ÕÀµÝ¥¸ÌÈµ¥„ÌÈµµÍÙŒœè€Ð¸ØÈ¸Ð4(€€€€€€É½±±ÕÀ½É½±±ÕÀµÝ¥¸ÌÈµàØÐµ¹Ôœè€Ð¸ØÈ¸Ð4(€€€€€€É½±±ÕÀ½É½±±ÕÀµÝ¥¸ÌÈµàØÐµµÍÙŒœè€Ð¸ØÈ¸Ð4(€€€€€™Í•Ù•¹ÑÌè€È¸Ì¸Ì4(4(€Í¥¥¹™½ È¸À¸Àèíô4(4(€Í½ÕÉ”µµ…Àµ©Í Ä¸È¸Äèíô4(4(€ÍÑ…­‰…­ À¸À¸Èèíô4(4(€ÍÑµ•¹Ù Ì¸ÄÀ¸Àèíô4(4(€Ñ¥¹å‰•¹¡ È¸ä¸Àèíô4(4(€Ñ¥¹å•á• À¸Ì¸Èèíô4(4(€Ñ¥¹å±½‰‰å À¸È¸ÄÜè4(€€€‘•Á•¹‘•¹¥•Ìè4(€€€€€™‘¥Èè€Ø¸Ô¸À¡Á¥½µ…Ñ¡ Ð¸À¸Ô¤4(€€€€€Á¥½µ…Ñ è€Ð¸À¸Ô4(4(€Ñ¥¹åÁ½½± Ä¸Ä¸Äèíô4(4(€Ñ¥¹åÉ…¥¹‰½Ý Ä¸È¸Àèíô4(4(€Ñ¥¹åÍÁå Ì¸À¸Èèíô4(4(€ÑåÁ•ÍÉ¥ÁÑ Ô¸ä¸Ìèíô4(4(€Õ¹‘¥¤µÑåÁ•Í Ø¸ÈÄ¸Àèíô4(4(€Ù¥Ñ”µ¹½‘• È¸Ä¸ä¡ÑåÁ•Ì½¹½‘• ÈÈ¸ÈÀ¸Ä¤è4(€€€‘•Á•¹‘•¹¥•Ìè4(€€€€€…Œè€Ø¸Ü¸ÄÐ4(€€€€€‘•‰Õœè€Ð¸Ð¸Ì4(€€€€€•Ìµµ½‘Õ±”µ±•á•Èè€Ä¸Ü¸À4(€€€€€Á…Ñ¡”è€Ä¸Ä¸È4(€€€€€Ù¥Ñ”è€Ô¸Ð¸ÈÄ¡ÑåÁ•Ì½¹½‘• ÈÈ¸ÈÀ¸Ä¤4(€€€ÑÉ…¹Í¥Ñ¥Ù•A••É•Á•¹‘•¹¥•Ìè4(€€€€€€´€ÑåÁ•Ì½¹½‘”œ4(€€€€€€´±•ÍÌ4(€€€€€€´±¥¡Ñ¹¥¹ÍÌ4(€€€€€€´Í…ÍÌ4(€€€€€€´Í…ÍÌµ•µ‰•‘‘•4(€€€€€€´ÍÑå±ÕÌ4(€€€€€€´ÍÕ…ÉÍÌ4(€€€€€€´ÍÕÁÁ½ÉÑÌµ½±½È4(€€€€€€´Ñ•ÉÍ•È4(4(€Ù¥Ñ• Ô¸Ð¸ÈÄ¡ÑåÁ•Ì½¹½‘• ÈÈ¸ÈÀ¸Ä¤è4(€€€‘•Á•¹‘•¹¥•Ìè4(€€€€€•Í‰Õ¥±è€À¸ÈÄ¸Ô4(€€€€€Á½ÍÑÍÌè€à¸Ô¸ÈØ4(€€€€€É½±±ÕÀè€Ð¸ØÈ¸Ð4(€€€½ÁÑ¥½¹…±•Á•¹‘•¹¥•Ìè4(€€€€€€ÑåÁ•Ì½¹½‘”œè€ÈÈ¸ÈÀ¸Ä4(€€€€€™Í•Ù•¹ÑÌè€È¸Ì¸Ì4(4(€Ù¥Ñ• Ø¸Ð¸Ì¡ÑåÁ•Ì½¹½‘• ÈÈ¸ÈÀ¸Ä¤è4(€€€‘•Á•¹‘•¹¥•Ìè4(€€€€€•Í‰Õ¥±è€À¸ÈÔ¸ÄÈ4(€€€€€™‘¥Èè€Ø¸Ô¸À¡Á¥½µ…Ñ¡ Ð¸À¸Ô¤4(€€€€€Á¥½µ…Ñ è€Ð¸À¸Ô4(€€€€€Á½ÍÑÍÌè€à¸Ô¸ÈØ4(€€€€€É½±±ÕÀè€Ð¸ØÈ¸Ð4(€€€€€Ñ¥¹å±½‰‰äè€À¸È¸ÄÜ4(€€€½ÁÑ¥½¹…±•Á•¹‘•¹¥•Ìè4(€€€€€€ÑåÁ•Ì½¹½‘”œè€ÈÈ¸ÈÀ¸Ä4(€€€€€™Í•Ù•¹ÑÌè€È¸Ì¸Ì4(4(€Ù¥Ñ•ÍÑ È¸Ä¸ä¡ÑåÁ•Ì½¹½‘• ÈÈ¸ÈÀ¸Ä¤è4(€€€‘•Á•¹‘•¹¥•Ìè4(€€€€€€Ù¥Ñ•ÍÐ½•áÁ•Ðœè€È¸Ä¸ä4(€€€€€€Ù¥Ñ•ÍÐ½µ½­•Èœè€È¸Ä¸ä¡Ù¥Ñ• Ô¸Ð¸ÈÄ¡ÑåÁ•Ì½¹½‘• ÈÈ¸ÈÀ¸Ä¤¤4(€€€€€€Ù¥Ñ•ÍÐ½ÁÉ•ÑÑäµ™½Éµ…Ðœè€È¸Ä¸ä4(€€€€€€Ù¥Ñ•ÍÐ½ÉÕ¹¹•Èœè€È¸Ä¸ä4(€€€€€€Ù¥Ñ•ÍÐ½Í¹…ÁÍ¡½Ðœè€È¸Ä¸ä4(€€€€€€Ù¥Ñ•ÍÐ½ÍÁäœè€È¸Ä¸ä4(€€€€€€Ù¥Ñ•ÍÐ½ÕÑ¥±Ìœè€È¸Ä¸ä4(€€€€€¡…¤è€Ô¸Ì¸Ì4(€€€€€‘•‰Õœè€Ð¸Ð¸Ì4(€€€€€•áÁ•ÐµÑåÁ”è€Ä¸Ð¸À4(€€€€€µ…¥ŒµÍÑÉ¥¹œè€À¸ÌÀ¸ÈÄ4(€€€€€Á…Ñ¡”è€Ä¸Ä¸È4(€€€€€ÍÑµ•¹Øè€Ì¸ÄÀ¸À4(€€€€€Ñ¥¹å‰•¹ è€È¸ä¸À4(€€€€€Ñ¥¹å•á•Œè€À¸Ì¸È4(€€€€€Ñ¥¹åÁ½½°è€Ä¸Ä¸Ä4(€€€€€Ñ¥¹åÉ…¥¹‰½Üè€Ä¸È¸À4(€€€€€Ù¥Ñ”è€Ô¸Ð¸ÈÄ¡ÑåÁ•Ì½¹½‘• ÈÈ¸ÈÀ¸Ä¤4(€€€€€Ù¥Ñ”µ¹½‘”è€È¸Ä¸ä¡ÑåÁ•Ì½¹½‘• ÈÈ¸ÈÀ¸Ä¤4(€€€€€Ý¡äµ¥Ìµ¹½‘”µÉÕ¹¹¥¹œè€È¸Ì¸À4(€€€½ÁÑ¥½¹…±•Á•¹‘•¹¥•Ìè4(€€€€€€ÑåÁ•Ì½¹½‘”œè€ÈÈ¸ÈÀ¸Ä4(€€€ÑÉ…¹Í¥Ñ¥Ù•A••É•Á•¹‘•¹¥•Ìè4(€€€€€€´±•ÍÌ4(€€€€€€´±¥¡Ñ¹¥¹ÍÌ4(€€€€€€´µÍÜ4(€€€€€€´Í…ÍÌ4(€€€€€€´Í…ÍÌµ•µ‰•‘‘•4(€€€€€€´ÍÑå±ÕÌ4(€€€€€€´ÍÕ…ÉÍÌ4(€€€€€€´ÍÕÁÁ½ÉÑÌµ½±½È4(€€€€€€´Ñ•ÉÍ•È4(4(€Ý¡äµ¥Ìµ¹½‘”µÉÕ¹¹¥¹ È¸Ì¸Àè4(€€€‘•Á•¹‘•¹¥•Ìè4(€€€€€Í¥¥¹™¼è€È¸À¸À4(€€€€€ÍÑ…­‰…¬è€À¸À¸È4(